<?xml version="1.0" encoding="utf-8"?>
<Project ToolsVersion="4.0" xmlns="http://schemas.microsoft.com/developer/msbuild/2003">
  <ItemGroup>
    <Filter Include="Source Files">
      <UniqueIdentifier>{4FC737F1-C7A5-4376-A066-2A32D752A2FF}</UniqueIdentifier>
      <Extensions>cpp;c;cc;cxx;c++;cppm;ixx;def;odl;idl;hpj;bat;asm;asmx</Extensions>
    </Filter>
    <Filter Include="Header Files">
      <UniqueIdentifier>{93995380-89BD-4b04-88EB-625FBE52EBFB}</UniqueIdentifier>
      <Extensions>h;hh;hpp;hxx;h++;hm;inl;inc;ipp;xsd</Extensions>
    </Filter>
    <Filter Include="Resource Files">
      <UniqueIdentifier>{67DA6AB6-F800-4c08-8B7A-83BB121AAD01}</UniqueIdentifier>
      <Extensions>rc;ico;cur;bmp;dlg;rc2;rct;bin;rgs;gif;jpg;jpeg;jpe;resx;tiff;tif;png;wav;mfcribbon-ms</Extensions>
    </Filter>
    <Filter Include="Header Files\ENGINE">
      <UniqueIdentifier>{547a4c26-a440-4a0b-b5e0-f867a7383f3e}</UniqueIdentifier>
    </Filter>
    <Filter Include="Header Files\imgui">
      <UniqueIdentifier>{17fb7e39-7f85-431d-8d65-f663c1685735}</UniqueIdentifier>
    </Filter>
    <Filter Include="Source Files\imgui">
      <UniqueIdentifier>{70e93d28-45e8-4ba7-af11-77b96fd04400}</UniqueIdentifier>
    </Filter>
    <Filter Include="Header Files\ENGINE\Systems">
      <UniqueIdentifier>{39707d8e-0baf-4d55-9459-3ee19687bdc8}</UniqueIdentifier>
    </Filter>
    <Filter Include="Header Files\ENGINE\Managers">
      <UniqueIdentifier>{14008efd-2f9d-44c5-be9f-3d720804426f}</UniqueIdentifier>
    </Filter>
    <Filter Include="Header Files\ENGINE\Core">
      <UniqueIdentifier>{cf1071d2-e3f5-487b-bb54-3d7fbfdcf9ed}</UniqueIdentifier>
    </Filter>
    <Filter Include="Header Files\ENGINE\Components">
      <UniqueIdentifier>{17ebeced-68da-4026-b78f-e16e642bbc82}</UniqueIdentifier>
    </Filter>
  </ItemGroup>
  <ItemGroup>
    <ClCompile Include="src\vendor\imgui\imgui.cpp">
      <Filter>Source Files\imgui</Filter>
    </ClCompile>
    <ClCompile Include="src\vendor\imgui\imgui_demo.cpp">
      <Filter>Source Files\imgui</Filter>
    </ClCompile>
    <ClCompile Include="src\vendor\imgui\imgui_draw.cpp">
      <Filter>Source Files\imgui</Filter>
    </ClCompile>
    <ClCompile Include="src\vendor\imgui\imgui_impl_glfw.cpp">
      <Filter>Source Files\imgui</Filter>
    </ClCompile>
    <ClCompile Include="src\vendor\imgui\imgui_impl_opengl3.cpp">
      <Filter>Source Files\imgui</Filter>
    </ClCompile>
    <ClCompile Include="src\vendor\imgui\imgui_tables.cpp">
      <Filter>Source Files\imgui</Filter>
    </ClCompile>
    <ClCompile Include="src\vendor\imgui\imgui_widgets.cpp">
      <Filter>Source Files\imgui</Filter>
    </ClCompile>
    <ClCompile Include="src\Lunchbox_Editor.cpp">
      <Filter>Source Files</Filter>
    </ClCompile>
    <ClCompile Include="src\PhysicsSystem.cpp">
      <Filter>Header Files\ENGINE\Systems</Filter>
    </ClCompile>
    <ClCompile Include="src\Types.cpp">
      <Filter>Source Files</Filter>
    </ClCompile>
  </ItemGroup>
  <ItemGroup>
    <ClInclude Include="src\vendor\glfw-3.3.8.bin.WIN64\include\GLFW\glfw3.h">
      <Filter>Header Files\imgui</Filter>
    </ClInclude>
    <ClInclude Include="src\vendor\glfw\include\GLFW\glfw3.h">
      <Filter>Header Files\imgui</Filter>
    </ClInclude>
    <ClInclude Include="src\vendor\glfw-3.3.8.bin.WIN64\include\GLFW\glfw3native.h">
      <Filter>Header Files\imgui</Filter>
    </ClInclude>
    <ClInclude Include="src\vendor\glfw\include\GLFW\glfw3native.h">
      <Filter>Header Files\imgui</Filter>
    </ClInclude>
    <ClInclude Include="src\vendor\imgui\imconfig.h">
      <Filter>Header Files\imgui</Filter>
    </ClInclude>
    <ClInclude Include="src\vendor\imgui\imgui.h">
      <Filter>Header Files\imgui</Filter>
    </ClInclude>
    <ClInclude Include="src\vendor\imgui\imgui_impl_glfw.h">
      <Filter>Header Files\imgui</Filter>
    </ClInclude>
    <ClInclude Include="src\vendor\imgui\imgui_impl_opengl3.h">
      <Filter>Header Files\imgui</Filter>
    </ClInclude>
    <ClInclude Include="src\vendor\imgui\imgui_impl_opengl3_loader.h">
      <Filter>Header Files\imgui</Filter>
    </ClInclude>
    <ClInclude Include="src\vendor\imgui\imgui_internal.h">
      <Filter>Header Files\imgui</Filter>
    </ClInclude>
    <ClInclude Include="src\vendor\imgui\imstb_rectpack.h">
      <Filter>Header Files\imgui</Filter>
    </ClInclude>
    <ClInclude Include="src\vendor\imgui\imstb_textedit.h">
      <Filter>Header Files\imgui</Filter>
    </ClInclude>
    <ClInclude Include="src\vendor\imgui\imstb_truetype.h">
      <Filter>Header Files\imgui</Filter>
    </ClInclude>
    <ClInclude Include="src\ComponentManager.h">
      <Filter>Header Files\ENGINE\Managers</Filter>
    </ClInclude>
    <ClInclude Include="src\EntityManager.h">
      <Filter>Header Files\ENGINE\Managers</Filter>
    </ClInclude>
    <ClInclude Include="src\SystemManager.h">
      <Filter>Header Files\ENGINE\Managers</Filter>
    </ClInclude>
    <ClInclude Include="src\Overlord.h">
      <Filter>Header Files\ENGINE\Managers</Filter>
    </ClInclude>
    <ClInclude Include="src\PhysicsSystem.h">
      <Filter>Header Files\ENGINE\Systems</Filter>
    </ClInclude>
    <ClInclude Include="src\System.h">
      <Filter>Header Files\ENGINE\Core</Filter>
    </ClInclude>
    <ClInclude Include="src\Math.h">
      <Filter>Header Files\ENGINE\Core</Filter>
    </ClInclude>
    <ClInclude Include="src\Types.h">
      <Filter>Header Files\ENGINE\Core</Filter>
    </ClInclude>
    <ClInclude Include="src\Components.h">
      <Filter>Header Files\ENGINE\Core</Filter>
    </ClInclude>
    <ClInclude Include="src\ComponentArray.h">
      <Filter>Header Files\ENGINE\Components</Filter>
    </ClInclude>
  </ItemGroup>
  <ItemGroup>
    <None Include="imgui.ini" />
  </ItemGroup>
</Project>